
Microsoft Visual Studio Solution File, Format Version 12.00
# Visual Studio Version 16
VisualStudioVersion = 16.0.32002.261
MinimumVisualStudioVersion = 10.0.40219.1
Project("{FAE04EC0-301F-11D3-BF4B-00C04F79EFBC}") = "FinalProjectSalihOzturk", "FinalProjectSalihOzturk.csproj", "{E5D93C49-D80B-4303-91FE-11F6A172D399}"
EndProject
Global
	GlobalSection(SolutionConfigurationPlatforms) = preSolution
		Debug|Any CPU = Debug|Any CPU
		Release|Any CPU = Release|Any CPU
	EndGlobalSection
	GlobalSection(ProjectConfigurationPlatforms) = postSolution
		{E5D93C49-D80B-4303-91FE-11F6A172D399}.Debug|Any CPU.ActiveCfg = Debug|Any CPU
		{E5D93C49-D80B-4303-91FE-11F6A172D399}.Debug|Any CPU.Build.0 = Debug|Any CPU
		{E5D93C49-D80B-4303-91FE-11F6A172D399}.Release|Any CPU.ActiveCfg = Release|Any CPU
		{E5D93C49-D80B-4303-91FE-11F6A172D399}.Release|Any CPU.Build.0 = Release|Any CPU
	EndGlobalSection
	GlobalSection(SolutionProperties) = preSolution
		HideSolutionNode = FALSE
	EndGlobalSection
	GlobalSection(ExtensibilityGlobals) = postSolution
		SolutionGuid = {8401E357-FD45-41DF-AF3B-7F59D4946806}
	EndGlobalSection
EndGlobal
